
Microsoft Visual Studio Solution File, Format Version 12.00
# Visual Studio Version 17
VisualStudioVersion = 17.14.36109.1 d17.14
MinimumVisualStudioVersion = 10.0.40219.1
Project("{FAE04EC0-301F-11D3-BF4B-00C04F79EFBC}") = "DiamondShopSystem.API", "DiamondShopSystem.API\DiamondShopSystem.API.csproj", "{61F33C3E-12B2-4B85-94E8-D9D29E303182}"
EndProject
Project("{FAE04EC0-301F-11D3-BF4B-00C04F79EFBC}") = "DiamondShopSystem.BLL", "DiamondShopSystem.BLL\DiamondShopSystem.BLL.csproj", "{8A3671D5-9A93-4DB2-852D-67457FF6CF38}"
EndProject
Project("{FAE04EC0-301F-11D3-BF4B-00C04F79EFBC}") = "DiamondShopSystem.DAL", "DiamondShopSystem.DAL\DiamondShopSystem.DAL.csproj", "{4FF1DE6E-CBB4-494B-A7E7-959DAC64C9EF}"
EndProject
Global
	GlobalSection(SolutionConfigurationPlatforms) = preSolution
		Debug|Any CPU = Debug|Any CPU
		Release|Any CPU = Release|Any CPU
	EndGlobalSection
	GlobalSection(ProjectConfigurationPlatforms) = postSolution
		{61F33C3E-12B2-4B85-94E8-D9D29E303182}.Debug|Any CPU.ActiveCfg = Debug|Any CPU
		{61F33C3E-12B2-4B85-94E8-D9D29E303182}.Debug|Any CPU.Build.0 = Debug|Any CPU
		{61F33C3E-12B2-4B85-94E8-D9D29E303182}.Release|Any CPU.ActiveCfg = Release|Any CPU
		{61F33C3E-12B2-4B85-94E8-D9D29E303182}.Release|Any CPU.Build.0 = Release|Any CPU
		{8A3671D5-9A93-4DB2-852D-67457FF6CF38}.Debug|Any CPU.ActiveCfg = Debug|Any CPU
		{8A3671D5-9A93-4DB2-852D-67457FF6CF38}.Debug|Any CPU.Build.0 = Debug|Any CPU
		{8A3671D5-9A93-4DB2-852D-67457FF6CF38}.Release|Any CPU.ActiveCfg = Release|Any CPU
		{8A3671D5-9A93-4DB2-852D-67457FF6CF38}.Release|Any CPU.Build.0 = Release|Any CPU
		{4FF1DE6E-CBB4-494B-A7E7-959DAC64C9EF}.Debug|Any CPU.ActiveCfg = Debug|Any CPU
		{4FF1DE6E-CBB4-494B-A7E7-959DAC64C9EF}.Debug|Any CPU.Build.0 = Debug|Any CPU
		{4FF1DE6E-CBB4-494B-A7E7-959DAC64C9EF}.Release|Any CPU.ActiveCfg = Release|Any CPU
		{4FF1DE6E-CBB4-494B-A7E7-959DAC64C9EF}.Release|Any CPU.Build.0 = Release|Any CPU
	EndGlobalSection
	GlobalSection(SolutionProperties) = preSolution
		HideSolutionNode = FALSE
	EndGlobalSection
	GlobalSection(ExtensibilityGlobals) = postSolution
		SolutionGuid = {7F10ECF5-BE33-433B-B9E2-D5D5F22CC8A4}
	EndGlobalSection
EndGlobal
